{
  "lockfile_version": "1",
  "packages": {
    "bash@latest": {
      "last_modified": "2024-11-05T01:08:39Z",
      "resolved": "github:NixOS/nixpkgs/a04d33c0c3f1a59a2c1cb0c6e34cd24500e5a1dc#bash",
      "source": "devbox-search",
      "version": "5.2p37",
      "systems": {
        "aarch64-darwin": {
          "outputs": [
            {
              "name": "out",
              "path": "/nix/store/rj7zvmif800bgg3sbznq6g5g438jx104-bash-5.2p37",
              "default": true
            },
            {
              "name": "man",
              "path": "/nix/store/hfihcw698fn7h87lf3i5lkn5rydshxxb-bash-5.2p37-man",
              "default": true
            },
            {
              "name": "dev",
              "path": "/nix/store/z3df7xn798nfbzknm37x5nmmw1332mf3-bash-5.2p37-dev"
            },
            {
              "name": "doc",
              "path": "/nix/store/9hzivbsz4bachb41bwxphrxbzc7k0jd7-bash-5.2p37-doc"
            },
            {
              "name": "info",
              "path": "/nix/store/5wm5y76w2vxc5192i2gkqsm2pgynwvqv-bash-5.2p37-info"
            }
          ],
          "store_path": "/nix/store/rj7zvmif800bgg3sbznq6g5g438jx104-bash-5.2p37"
        },
        "aarch64-linux": {
          "outputs": [
            {
              "name": "out",
              "path": "/nix/store/j5z5pvvahd58k9ffy6v74m9rkbi9nqqh-bash-5.2p37",
              "default": true
            },
            {
              "name": "man",
              "path": "/nix/store/3kxg8ilbg6dpxlqd4scpnkrhbxccjcs9-bash-5.2p37-man",
              "default": true
            },
            {
              "name": "doc",
              "path": "/nix/store/7zxphwdfiwgr58xrqy9s28zg9dl1qpk6-bash-5.2p37-doc"
            },
            {
              "name": "info",
              "path": "/nix/store/mixrbzl8nvid2axwyavpiy4ccjrrngh8-bash-5.2p37-info"
            },
            {
              "name": "debug",
              "path": "/nix/store/1xdnjyb3qvhny7yaiy6bnw5wgfwi5l8g-bash-5.2p37-debug"
            },
            {
              "name": "dev",
              "path": "/nix/store/r3h8f013cjr7a68wb0nmymc93s56pg1l-bash-5.2p37-dev"
            }
          ],
          "store_path": "/nix/store/j5z5pvvahd58k9ffy6v74m9rkbi9nqqh-bash-5.2p37"
        },
        "x86_64-darwin": {
          "outputs": [
            {
              "name": "out",
              "path": "/nix/store/qwg7nqq0y2lzc94pdaa00li2z12h4jl4-bash-5.2p37",
              "default": true
            },
            {
              "name": "man",
              "path": "/nix/store/ablbdk665y3mlnhhv5n0q8afnr6giry0-bash-5.2p37-man",
              "default": true
            },
            {
              "name": "dev",
              "path": "/nix/store/ghbxv01407acwvq54a7vynqc3xix3xh4-bash-5.2p37-dev"
            },
            {
              "name": "doc",
              "path": "/nix/store/8w78njqcfclz5by38sy2vh85byzhbf32-bash-5.2p37-doc"
            },
            {
              "name": "info",
              "path": "/nix/store/iznl7j5d6hwnysb43mixwjxfvkwq4hpw-bash-5.2p37-info"
            }
          ],
          "store_path": "/nix/store/qwg7nqq0y2lzc94pdaa00li2z12h4jl4-bash-5.2p37"
        },
        "x86_64-linux": {
          "outputs": [
            {
              "name": "out",
              "path": "/nix/store/mm0pa3z7kk6jh1i9rkxqxjqmd8h1qpxf-bash-5.2p37",
              "default": true
            },
            {
              "name": "man",
              "path": "/nix/store/29knhq8f4q4hhv0yh893y3awgczqac59-bash-5.2p37-man",
              "default": true
            },
            {
              "name": "debug",
              "path": "/nix/store/qrdwawipscm3vih0rp1qljdvhnmwrhik-bash-5.2p37-debug"
            },
            {
              "name": "dev",
              "path": "/nix/store/888vfxdl10cz383skxc8kr92wkacyzn3-bash-5.2p37-dev"
            },
            {
              "name": "doc",
              "path": "/nix/store/49sr6k7iscvbpnbh2dzw7gd34kybhvdv-bash-5.2p37-doc"
            },
            {
              "name": "info",
              "path": "/nix/store/1rj0pqqrzbpcwhvfnvfvscf9yvfdg1ng-bash-5.2p37-info"
            }
          ],
          "store_path": "/nix/store/mm0pa3z7kk6jh1i9rkxqxjqmd8h1qpxf-bash-5.2p37"
        }
      }
    },
    "clusterctl@latest": {
      "last_modified": "2024-11-03T14:18:04Z",
      "resolved": "github:NixOS/nixpkgs/4ae2e647537bcdbb82265469442713d066675275#clusterctl",
      "source": "devbox-search",
      "version": "1.8.4",
      "systems": {
        "aarch64-darwin": {
          "outputs": [
            {
              "name": "out",
              "path": "/nix/store/5s555wvi2h0w7r99raairnfzrvmpmh6q-clusterctl-1.8.4",
              "default": true
            }
          ],
          "store_path": "/nix/store/5s555wvi2h0w7r99raairnfzrvmpmh6q-clusterctl-1.8.4"
        },
        "aarch64-linux": {
          "outputs": [
            {
              "name": "out",
              "path": "/nix/store/1bqxwb82x5lg07a4kwc22ws342d0dwxz-clusterctl-1.8.4",
              "default": true
            }
          ],
          "store_path": "/nix/store/1bqxwb82x5lg07a4kwc22ws342d0dwxz-clusterctl-1.8.4"
        },
        "x86_64-darwin": {
          "outputs": [
            {
              "name": "out",
              "path": "/nix/store/wj491hzqdi6bzrzm8mcznwbd1a4542km-clusterctl-1.8.4",
              "default": true
            }
          ],
          "store_path": "/nix/store/wj491hzqdi6bzrzm8mcznwbd1a4542km-clusterctl-1.8.4"
        },
        "x86_64-linux": {
          "outputs": [
            {
              "name": "out",
              "path": "/nix/store/2vyd0iw7d2x9rlan9jjpyvpzbr3c63ic-clusterctl-1.8.4",
              "default": true
            }
          ],
          "store_path": "/nix/store/2vyd0iw7d2x9rlan9jjpyvpzbr3c63ic-clusterctl-1.8.4"
        }
      }
    },
    "coreutils@latest": {
      "last_modified": "2024-11-03T14:18:04Z",
      "resolved": "github:NixOS/nixpkgs/4ae2e647537bcdbb82265469442713d066675275#coreutils",
      "source": "devbox-search",
      "version": "9.5",
      "systems": {
        "aarch64-darwin": {
          "outputs": [
            {
              "name": "out",
              "path": "/nix/store/4axvrmlyszz77x66am0damj6pz4jh683-coreutils-9.5",
              "default": true
            },
            {
              "name": "info",
              "path": "/nix/store/6i7kacs04ah3zj0j3d2rdk2ls6spgal9-coreutils-9.5-info"
            }
          ],
          "store_path": "/nix/store/4axvrmlyszz77x66am0damj6pz4jh683-coreutils-9.5"
        },
        "aarch64-linux": {
          "outputs": [
            {
              "name": "out",
              "path": "/nix/store/y0b3ma3hs7pbnym8zg5jslr72aj47981-coreutils-9.5",
              "default": true
            },
            {
              "name": "debug",
              "path": "/nix/store/n0zr939h83k5z73bipzr0sl09v5s32fj-coreutils-9.5-debug"
            },
            {
              "name": "info",
              "path": "/nix/store/bbh3zfpy24wfqp746n4akb5r7whmdiy7-coreutils-9.5-info"
            }
          ],
          "store_path": "/nix/store/y0b3ma3hs7pbnym8zg5jslr72aj47981-coreutils-9.5"
        },
        "x86_64-darwin": {
          "outputs": [
            {
              "name": "out",
              "path": "/nix/store/0smc7dkkl344m8wwfmhb1icgfbfx2j4x-coreutils-9.5",
              "default": true
            },
            {
              "name": "info",
              "path": "/nix/store/4664xafd1np67g6nbryapcrsiz5m7gjb-coreutils-9.5-info"
            }
          ],
          "store_path": "/nix/store/0smc7dkkl344m8wwfmhb1icgfbfx2j4x-coreutils-9.5"
        },
        "x86_64-linux": {
          "outputs": [
            {
              "name": "out",
              "path": "/nix/store/sf6y4arqcm100rnnl3dhpg732i774zp6-coreutils-9.5",
              "default": true
            },
            {
              "name": "debug",
              "path": "/nix/store/lmpz5jb56jvclyyfrw39dzacw317m9j4-coreutils-9.5-debug"
            },
            {
              "name": "info",
              "path": "/nix/store/zd3pw58g9bdf3gdzkrz1dfk63wcc7p0f-coreutils-9.5-info"
            }
          ],
          "store_path": "/nix/store/sf6y4arqcm100rnnl3dhpg732i774zp6-coreutils-9.5"
        }
      }
    },
    "crane@latest": {
      "last_modified": "2024-11-03T14:18:04Z",
      "resolved": "github:NixOS/nixpkgs/4ae2e647537bcdbb82265469442713d066675275#crane",
      "source": "devbox-search",
      "version": "0.20.2",
      "systems": {
        "aarch64-darwin": {
          "outputs": [
            {
              "name": "crane",
              "path": "/nix/store/j7gamxqnvb278p36a9swrp2sgw22xm5h-go-containerregistry-0.20.2-crane",
              "default": true
            },
            {
              "name": "out",
              "path": "/nix/store/0wa1078i5277srl72mswfacwgir1s6pw-go-containerregistry-0.20.2",
              "default": true
            },
            {
              "name": "gcrane",
              "path": "/nix/store/kps69jjpkfrzc8knjpbcwfdqjffix3an-go-containerregistry-0.20.2-gcrane"
            }
          ],
          "store_path": "/nix/store/j7gamxqnvb278p36a9swrp2sgw22xm5h-go-containerregistry-0.20.2-crane"
        },
        "aarch64-linux": {
          "outputs": [
            {
              "name": "crane",
              "path": "/nix/store/4r1h6d1flbhdf8676aypwwrnv7phyg9v-go-containerregistry-0.20.2-crane",
              "default": true
            },
            {
              "name": "out",
              "path": "/nix/store/hkrcv3s1dh2rn8xn062bd31iw6as91am-go-containerregistry-0.20.2",
              "default": true
            },
            {
              "name": "gcrane",
              "path": "/nix/store/gdf9l4rd67fag4c3zk2zczj5przrjfw1-go-containerregistry-0.20.2-gcrane"
            }
          ],
          "store_path": "/nix/store/4r1h6d1flbhdf8676aypwwrnv7phyg9v-go-containerregistry-0.20.2-crane"
        },
        "x86_64-darwin": {
          "outputs": [
            {
              "name": "crane",
              "path": "/nix/store/97vdxzi5z1srjdds1ln164s7q5kdn8pw-go-containerregistry-0.20.2-crane",
              "default": true
            },
            {
              "name": "out",
              "path": "/nix/store/g0j2ly8d7a5lfv35lrnm8x7vkmi6nyv7-go-containerregistry-0.20.2",
              "default": true
            },
            {
              "name": "gcrane",
              "path": "/nix/store/3cqvdayqg1zwmnk9i3kndsnwbiwgb3r9-go-containerregistry-0.20.2-gcrane"
            }
          ],
          "store_path": "/nix/store/97vdxzi5z1srjdds1ln164s7q5kdn8pw-go-containerregistry-0.20.2-crane"
        },
        "x86_64-linux": {
          "outputs": [
            {
              "name": "crane",
              "path": "/nix/store/gv02d9sdg3ic1b750s75wgaffajfhp92-go-containerregistry-0.20.2-crane",
              "default": true
            },
            {
              "name": "out",
              "path": "/nix/store/6y3ikg1np12hfw3l3pbzwgzyl057bd4b-go-containerregistry-0.20.2",
              "default": true
            },
            {
              "name": "gcrane",
              "path": "/nix/store/wgng7l0bkbpp632akb1jfcv4fwk4wjcl-go-containerregistry-0.20.2-gcrane"
            }
          ],
          "store_path": "/nix/store/gv02d9sdg3ic1b750s75wgaffajfhp92-go-containerregistry-0.20.2-crane"
        }
      }
    },
    "envsubst@latest": {
      "last_modified": "2024-11-03T14:18:04Z",
      "resolved": "github:NixOS/nixpkgs/4ae2e647537bcdbb82265469442713d066675275#envsubst",
      "source": "devbox-search",
      "version": "1.4.2",
      "systems": {
        "aarch64-darwin": {
          "outputs": [
            {
              "name": "out",
              "path": "/nix/store/76jp5bcfhf17znkaffqsfqdr0p1gz8cx-envsubst-1.4.2",
              "default": true
            }
          ],
          "store_path": "/nix/store/76jp5bcfhf17znkaffqsfqdr0p1gz8cx-envsubst-1.4.2"
        },
        "aarch64-linux": {
          "outputs": [
            {
              "name": "out",
              "path": "/nix/store/c3cilncva8s3x4cmpfv29jsp1ypj35p4-envsubst-1.4.2",
              "default": true
            }
          ],
          "store_path": "/nix/store/c3cilncva8s3x4cmpfv29jsp1ypj35p4-envsubst-1.4.2"
        },
        "x86_64-darwin": {
          "outputs": [
            {
              "name": "out",
              "path": "/nix/store/ix7y1xqrnm1gs23y0ylspi91m7490qiq-envsubst-1.4.2",
              "default": true
            }
          ],
          "store_path": "/nix/store/ix7y1xqrnm1gs23y0ylspi91m7490qiq-envsubst-1.4.2"
        },
        "x86_64-linux": {
          "outputs": [
            {
              "name": "out",
              "path": "/nix/store/ylvk3rs98ssd24qkpxc04mji18magc9f-envsubst-1.4.2",
              "default": true
            }
          ],
          "store_path": "/nix/store/ylvk3rs98ssd24qkpxc04mji18magc9f-envsubst-1.4.2"
        }
      }
    },
    "fd@latest": {
      "last_modified": "2024-11-03T14:18:04Z",
      "resolved": "github:NixOS/nixpkgs/4ae2e647537bcdbb82265469442713d066675275#fd",
      "source": "devbox-search",
      "version": "10.2.0",
      "systems": {
        "aarch64-darwin": {
          "outputs": [
            {
              "name": "out",
              "path": "/nix/store/yyib0d7k2pcxlj6zhrns0hipxkzq1wyi-fd-10.2.0",
              "default": true
            }
          ],
          "store_path": "/nix/store/yyib0d7k2pcxlj6zhrns0hipxkzq1wyi-fd-10.2.0"
        },
        "aarch64-linux": {
          "outputs": [
            {
              "name": "out",
              "path": "/nix/store/qqvdbn91n5py54qqbvaz3l1lwq05szhc-fd-10.2.0",
              "default": true
            }
          ],
          "store_path": "/nix/store/qqvdbn91n5py54qqbvaz3l1lwq05szhc-fd-10.2.0"
        },
        "x86_64-darwin": {
          "outputs": [
            {
              "name": "out",
              "path": "/nix/store/fbl257fjp7c4ybqqskpp19njacbx0yk5-fd-10.2.0",
              "default": true
            }
          ],
          "store_path": "/nix/store/fbl257fjp7c4ybqqskpp19njacbx0yk5-fd-10.2.0"
        },
        "x86_64-linux": {
          "outputs": [
            {
              "name": "out",
              "path": "/nix/store/j2x574lb7dxj7ksc3gfbzn917hs6g5nk-fd-10.2.0",
              "default": true
            }
          ],
          "store_path": "/nix/store/j2x574lb7dxj7ksc3gfbzn917hs6g5nk-fd-10.2.0"
        }
      }
    },
    "gh@latest": {
      "last_modified": "2024-11-03T14:18:04Z",
      "resolved": "github:NixOS/nixpkgs/4ae2e647537bcdbb82265469442713d066675275#gh",
      "source": "devbox-search",
      "version": "2.60.0",
      "systems": {
        "aarch64-darwin": {
          "outputs": [
            {
              "name": "out",
              "path": "/nix/store/0kn6w6d8z48blg18w64h3530j00k2j5s-gh-2.60.0",
              "default": true
            }
          ],
          "store_path": "/nix/store/0kn6w6d8z48blg18w64h3530j00k2j5s-gh-2.60.0"
        },
        "aarch64-linux": {
          "outputs": [
            {
              "name": "out",
              "path": "/nix/store/lrd5km4jis81n38vwc3lil5nx7ss6knc-gh-2.60.0",
              "default": true
            }
          ],
          "store_path": "/nix/store/lrd5km4jis81n38vwc3lil5nx7ss6knc-gh-2.60.0"
        },
        "x86_64-darwin": {
          "outputs": [
            {
              "name": "out",
              "path": "/nix/store/pbs3sv5l2z5da6dyj7k1p1lf9a2hyx5k-gh-2.60.0",
              "default": true
            }
          ],
          "store_path": "/nix/store/pbs3sv5l2z5da6dyj7k1p1lf9a2hyx5k-gh-2.60.0"
        },
        "x86_64-linux": {
          "outputs": [
            {
              "name": "out",
              "path": "/nix/store/rvh57nqm6sg081pa84k5lcddn6zkvvnm-gh-2.60.0",
              "default": true
            }
          ],
          "store_path": "/nix/store/rvh57nqm6sg081pa84k5lcddn6zkvvnm-gh-2.60.0"
        }
      }
    },
    "gnugrep@latest": {
      "last_modified": "2024-11-03T14:18:04Z",
      "resolved": "github:NixOS/nixpkgs/4ae2e647537bcdbb82265469442713d066675275#gnugrep",
      "source": "devbox-search",
      "version": "3.11",
      "systems": {
        "aarch64-darwin": {
          "outputs": [
            {
              "name": "out",
              "path": "/nix/store/fay4393fknlsn89l6ifzk4m3pfwbxk0a-gnugrep-3.11",
              "default": true
            },
            {
              "name": "info",
              "path": "/nix/store/qwbqw3v15nxgb3ladr7g6n82ks0fb8n1-gnugrep-3.11-info"
            }
          ],
          "store_path": "/nix/store/fay4393fknlsn89l6ifzk4m3pfwbxk0a-gnugrep-3.11"
        },
        "aarch64-linux": {
          "outputs": [
            {
              "name": "out",
              "path": "/nix/store/chq7ashmrm1bn3lrsv1ay5ncirpjdim4-gnugrep-3.11",
              "default": true
            },
            {
              "name": "info",
              "path": "/nix/store/6azimpbxd32iij356w7xciy04kb8f4j7-gnugrep-3.11-info"
            }
          ],
          "store_path": "/nix/store/chq7ashmrm1bn3lrsv1ay5ncirpjdim4-gnugrep-3.11"
        },
        "x86_64-darwin": {
          "outputs": [
            {
              "name": "out",
              "path": "/nix/store/1l3lp7kpsnhkypsgkb4yk5jxa8wvwdan-gnugrep-3.11",
              "default": true
            },
            {
              "name": "info",
              "path": "/nix/store/649z1js46hsdpxl3sgxj36r8ksjh7b7l-gnugrep-3.11-info"
            }
          ],
          "store_path": "/nix/store/1l3lp7kpsnhkypsgkb4yk5jxa8wvwdan-gnugrep-3.11"
        },
        "x86_64-linux": {
          "outputs": [
            {
              "name": "out",
              "path": "/nix/store/nysgss3ggh3dv7mz08n28h29lazxhyc1-gnugrep-3.11",
              "default": true
            },
            {
              "name": "info",
              "path": "/nix/store/wjx7qzsqspcwdi7dk24gxg5in081p0x9-gnugrep-3.11-info"
            }
          ],
          "store_path": "/nix/store/nysgss3ggh3dv7mz08n28h29lazxhyc1-gnugrep-3.11"
        }
      }
    },
    "gnused@latest": {
      "last_modified": "2024-11-03T14:18:04Z",
      "resolved": "github:NixOS/nixpkgs/4ae2e647537bcdbb82265469442713d066675275#gnused",
      "source": "devbox-search",
      "version": "4.9",
      "systems": {
        "aarch64-darwin": {
          "outputs": [
            {
              "name": "out",
              "path": "/nix/store/r0sjy6i8dmm0snm63hc5i4a7nijw1pw5-gnused-4.9",
              "default": true
            },
            {
              "name": "info",
              "path": "/nix/store/zpjkbgjk3bx3yp62cshxlagjzzbfvijy-gnused-4.9-info"
            }
          ],
          "store_path": "/nix/store/r0sjy6i8dmm0snm63hc5i4a7nijw1pw5-gnused-4.9"
        },
        "aarch64-linux": {
          "outputs": [
            {
              "name": "out",
              "path": "/nix/store/ksjjxh0a5m1x0bv9fqjlvsp1gnbm13yb-gnused-4.9",
              "default": true
            },
            {
              "name": "info",
              "path": "/nix/store/d15nb4h5lnix4vzp03dqvpqbpmg1vkgw-gnused-4.9-info"
            }
          ],
          "store_path": "/nix/store/ksjjxh0a5m1x0bv9fqjlvsp1gnbm13yb-gnused-4.9"
        },
        "x86_64-darwin": {
          "outputs": [
            {
              "name": "out",
              "path": "/nix/store/61xrjs2m9c3vbcl1md124l58y9y7pnxj-gnused-4.9",
              "default": true
            },
            {
              "name": "info",
              "path": "/nix/store/mds2i896pjr879q740mknw0zyj3aiml6-gnused-4.9-info"
            }
          ],
          "store_path": "/nix/store/61xrjs2m9c3vbcl1md124l58y9y7pnxj-gnused-4.9"
        },
        "x86_64-linux": {
          "outputs": [
            {
              "name": "out",
              "path": "/nix/store/13wxcn0j2wk911ahfkbvdq241rkprsv8-gnused-4.9",
              "default": true
            },
            {
              "name": "info",
              "path": "/nix/store/p7vxka0gqm96ydxcr7wwjyjr29bgb7pk-gnused-4.9-info"
            }
          ],
          "store_path": "/nix/store/13wxcn0j2wk911ahfkbvdq241rkprsv8-gnused-4.9"
        }
      }
    },
    "go-task@latest": {
      "last_modified": "2024-11-03T14:18:04Z",
      "resolved": "github:NixOS/nixpkgs/4ae2e647537bcdbb82265469442713d066675275#go-task",
      "source": "devbox-search",
      "version": "3.39.2",
      "systems": {
        "aarch64-darwin": {
          "outputs": [
            {
              "name": "out",
              "path": "/nix/store/gbjz4920rwwlmlwb6wdgvvpk4yh31vnk-go-task-3.39.2",
              "default": true
            }
          ],
          "store_path": "/nix/store/gbjz4920rwwlmlwb6wdgvvpk4yh31vnk-go-task-3.39.2"
        },
        "aarch64-linux": {
          "outputs": [
            {
              "name": "out",
              "path": "/nix/store/a38ydnaa915s50yq7pahlam6wmhpi9k8-go-task-3.39.2",
              "default": true
            }
          ],
          "store_path": "/nix/store/a38ydnaa915s50yq7pahlam6wmhpi9k8-go-task-3.39.2"
        },
        "x86_64-darwin": {
          "outputs": [
            {
              "name": "out",
              "path": "/nix/store/8py3ncvx2ir85pilzrcp1ygai9s82hx4-go-task-3.39.2",
              "default": true
            }
          ],
          "store_path": "/nix/store/8py3ncvx2ir85pilzrcp1ygai9s82hx4-go-task-3.39.2"
        },
        "x86_64-linux": {
          "outputs": [
            {
              "name": "out",
              "path": "/nix/store/pp4g03va3plfx8lmpfgwvpgx5jm8z7ny-go-task-3.39.2",
              "default": true
            }
          ],
          "store_path": "/nix/store/pp4g03va3plfx8lmpfgwvpgx5jm8z7ny-go-task-3.39.2"
        }
      }
    },
    "gojq@latest": {
      "last_modified": "2024-11-03T14:18:04Z",
      "resolved": "github:NixOS/nixpkgs/4ae2e647537bcdbb82265469442713d066675275#gojq",
      "source": "devbox-search",
      "version": "0.12.16",
      "systems": {
        "aarch64-darwin": {
          "outputs": [
            {
              "name": "out",
              "path": "/nix/store/80a87b17dlbdlxgf6j52bdg7yclvan1b-gojq-0.12.16",
              "default": true
            }
          ],
          "store_path": "/nix/store/80a87b17dlbdlxgf6j52bdg7yclvan1b-gojq-0.12.16"
        },
        "aarch64-linux": {
          "outputs": [
            {
              "name": "out",
              "path": "/nix/store/arc8cf3lm0i1ns4c2h1s70iv7g81l7yq-gojq-0.12.16",
              "default": true
            }
          ],
          "store_path": "/nix/store/arc8cf3lm0i1ns4c2h1s70iv7g81l7yq-gojq-0.12.16"
        },
        "x86_64-darwin": {
          "outputs": [
            {
              "name": "out",
              "path": "/nix/store/bxyx5df7h71a0l6mjpxv2vhkjwhn281r-gojq-0.12.16",
              "default": true
            }
          ],
          "store_path": "/nix/store/bxyx5df7h71a0l6mjpxv2vhkjwhn281r-gojq-0.12.16"
        },
        "x86_64-linux": {
          "outputs": [
            {
              "name": "out",
              "path": "/nix/store/967dglzzmh9mwry4vvh51gd57ii2kbyy-gojq-0.12.16",
              "default": true
            }
          ],
          "store_path": "/nix/store/967dglzzmh9mwry4vvh51gd57ii2kbyy-gojq-0.12.16"
        }
      }
    },
    "kind@latest": {
      "last_modified": "2024-11-03T14:18:04Z",
      "resolved": "github:NixOS/nixpkgs/4ae2e647537bcdbb82265469442713d066675275#kind",
      "source": "devbox-search",
      "version": "0.24.0",
      "systems": {
        "aarch64-darwin": {
          "outputs": [
            {
              "name": "out",
              "path": "/nix/store/ipy4vca55lan1szk9h9g7n3mrnm1lpza-kind-0.24.0",
              "default": true
            }
          ],
          "store_path": "/nix/store/ipy4vca55lan1szk9h9g7n3mrnm1lpza-kind-0.24.0"
        },
        "aarch64-linux": {
          "outputs": [
            {
              "name": "out",
              "path": "/nix/store/bx135jsrpwq43d4hnl2c6v6qph5685zk-kind-0.24.0",
              "default": true
            }
          ],
          "store_path": "/nix/store/bx135jsrpwq43d4hnl2c6v6qph5685zk-kind-0.24.0"
        },
        "x86_64-darwin": {
          "outputs": [
            {
              "name": "out",
              "path": "/nix/store/6g7iymghysai09dlhrddgifb2sf4zb50-kind-0.24.0",
              "default": true
            }
          ],
          "store_path": "/nix/store/6g7iymghysai09dlhrddgifb2sf4zb50-kind-0.24.0"
        },
        "x86_64-linux": {
          "outputs": [
            {
              "name": "out",
              "path": "/nix/store/kpykmx58v8p2rddp4p1cqy24c5ym7a3z-kind-0.24.0",
              "default": true
            }
          ],
          "store_path": "/nix/store/kpykmx58v8p2rddp4p1cqy24c5ym7a3z-kind-0.24.0"
        }
      }
    },
    "kubectl@latest": {
      "last_modified": "2024-11-16T04:25:12Z",
      "resolved": "github:NixOS/nixpkgs/34a626458d686f1b58139620a8b2793e9e123bba#kubectl",
      "source": "devbox-search",
      "version": "1.31.2",
      "systems": {
        "aarch64-darwin": {
          "outputs": [
            {
              "name": "out",
              "path": "/nix/store/4y0isz580qj1gprqihb39jzvq1h3ys8d-kubectl-1.31.2",
              "default": true
            },
            {
              "name": "man",
              "path": "/nix/store/yn7jsawkgab95ly8wjzm7qk4axins9c0-kubectl-1.31.2-man",
              "default": true
            },
            {
              "name": "convert",
              "path": "/nix/store/mgfqyq94gz2rlfg7kfyxjhlxpd88rrx1-kubectl-1.31.2-convert"
            }
          ],
          "store_path": "/nix/store/4y0isz580qj1gprqihb39jzvq1h3ys8d-kubectl-1.31.2"
        },
        "aarch64-linux": {
          "outputs": [
            {
              "name": "out",
              "path": "/nix/store/cmmrb7hbq8rpcvw5isasab3nn2bs0hf5-kubectl-1.31.2",
              "default": true
            },
            {
              "name": "man",
              "path": "/nix/store/zvncfs48dhhnpfxzmqj1dlgmc0lra96a-kubectl-1.31.2-man",
              "default": true
            },
            {
              "name": "convert",
              "path": "/nix/store/sxlxrk1msbp2djzpblqn1h2p73vfc5fs-kubectl-1.31.2-convert"
            }
          ],
          "store_path": "/nix/store/cmmrb7hbq8rpcvw5isasab3nn2bs0hf5-kubectl-1.31.2"
        },
        "x86_64-darwin": {
          "outputs": [
            {
              "name": "out",
              "path": "/nix/store/8dfd5d7i3q0jvqgzc2775kl8b5pbh7g9-kubectl-1.31.2",
              "default": true
            },
            {
              "name": "man",
              "path": "/nix/store/7rvlb9k6bs623m3f7k3ay52n9bx6id1h-kubectl-1.31.2-man",
              "default": true
            },
            {
              "name": "convert",
              "path": "/nix/store/d6yjj3akz8dddmjzp2hz2lyd1fwqaqq9-kubectl-1.31.2-convert"
            }
          ],
          "store_path": "/nix/store/8dfd5d7i3q0jvqgzc2775kl8b5pbh7g9-kubectl-1.31.2"
        },
        "x86_64-linux": {
          "outputs": [
            {
              "name": "out",
              "path": "/nix/store/wjr8vcdjb25ja1q3nvzwnzf5qg6iv8iy-kubectl-1.31.2",
              "default": true
            },
            {
              "name": "man",
              "path": "/nix/store/66mlhapc0wawjz2v05116nkp02lxinkx-kubectl-1.31.2-man",
              "default": true
            },
            {
              "name": "convert",
              "path": "/nix/store/44dsmqkr8c3lp4j417nshswcf0mpj9i5-kubectl-1.31.2-convert"
            }
          ],
          "store_path": "/nix/store/wjr8vcdjb25ja1q3nvzwnzf5qg6iv8iy-kubectl-1.31.2"
        }
      }
    },
    "kustomize@latest": {
      "last_modified": "2024-11-03T14:18:04Z",
      "resolved": "github:NixOS/nixpkgs/4ae2e647537bcdbb82265469442713d066675275#kustomize",
      "source": "devbox-search",
      "version": "5.5.0",
      "systems": {
        "aarch64-darwin": {
          "outputs": [
            {
              "name": "out",
              "path": "/nix/store/64vp26c9px3fzsm2ffvx2wvs8cybzbdm-kustomize-5.5.0",
              "default": true
            }
          ],
          "store_path": "/nix/store/64vp26c9px3fzsm2ffvx2wvs8cybzbdm-kustomize-5.5.0"
        },
        "aarch64-linux": {
          "outputs": [
            {
              "name": "out",
              "path": "/nix/store/vg2hwhhs52vbbm215rb8vak8hbf86rq6-kustomize-5.5.0",
              "default": true
            }
          ],
          "store_path": "/nix/store/vg2hwhhs52vbbm215rb8vak8hbf86rq6-kustomize-5.5.0"
        },
        "x86_64-darwin": {
          "outputs": [
            {
              "name": "out",
              "path": "/nix/store/98hqbf6yr88bdq98axpr2b2894q380fc-kustomize-5.5.0",
              "default": true
            }
          ],
          "store_path": "/nix/store/98hqbf6yr88bdq98axpr2b2894q380fc-kustomize-5.5.0"
        },
        "x86_64-linux": {
          "outputs": [
            {
              "name": "out",
              "path": "/nix/store/wqy1ckdjjy07mngl62dxhfkcpriv3j3s-kustomize-5.5.0",
              "default": true
            }
          ],
          "store_path": "/nix/store/wqy1ckdjjy07mngl62dxhfkcpriv3j3s-kustomize-5.5.0"
        }
      }
    }
  }
}
